
Microsoft Visual Studio Solution File, Format Version 12.00
# Visual Studio Version 17
VisualStudioVersion = 17.0.32112.339
MinimumVisualStudioVersion = 10.0.40219.1
Project("{FAE04EC0-301F-11D3-BF4B-00C04F79EFBC}") = "Observer", "Observer\Observer.csproj", "{DCA5A8EF-E2CB-491D-8F2E-ED745EBCB300}"
EndProject
Global
	GlobalSection(SolutionConfigurationPlatforms) = preSolution
		Debug|Any CPU = Debug|Any CPU
		Release|Any CPU = Release|Any CPU
	EndGlobalSection
	GlobalSection(ProjectConfigurationPlatforms) = postSolution
		{DCA5A8EF-E2CB-491D-8F2E-ED745EBCB300}.Debug|Any CPU.ActiveCfg = Debug|Any CPU
		{DCA5A8EF-E2CB-491D-8F2E-ED745EBCB300}.Debug|Any CPU.Build.0 = Debug|Any CPU
		{DCA5A8EF-E2CB-491D-8F2E-ED745EBCB300}.Release|Any CPU.ActiveCfg = Release|Any CPU
		{DCA5A8EF-E2CB-491D-8F2E-ED745EBCB300}.Release|Any CPU.Build.0 = Release|Any CPU
	EndGlobalSection
	GlobalSection(SolutionProperties) = preSolution
		HideSolutionNode = FALSE
	EndGlobalSection
	GlobalSection(ExtensibilityGlobals) = postSolution
		SolutionGuid = {87EA78DD-6408-435F-8B47-55B1A8360DD1}
	EndGlobalSection
EndGlobal
