
Microsoft Visual Studio Solution File, Format Version 12.00
# Visual Studio Version 17
VisualStudioVersion = 17.0.32112.339
MinimumVisualStudioVersion = 10.0.40219.1
Project("{FAE04EC0-301F-11D3-BF4B-00C04F79EFBC}") = "OopsConcept", "OopsConcept\OopsConcept.csproj", "{F395C146-F0E6-49B1-84D5-F0367FFA627D}"
EndProject
Global
	GlobalSection(SolutionConfigurationPlatforms) = preSolution
		Debug|Any CPU = Debug|Any CPU
		Release|Any CPU = Release|Any CPU
	EndGlobalSection
	GlobalSection(ProjectConfigurationPlatforms) = postSolution
		{F395C146-F0E6-49B1-84D5-F0367FFA627D}.Debug|Any CPU.ActiveCfg = Debug|Any CPU
		{F395C146-F0E6-49B1-84D5-F0367FFA627D}.Debug|Any CPU.Build.0 = Debug|Any CPU
		{F395C146-F0E6-49B1-84D5-F0367FFA627D}.Release|Any CPU.ActiveCfg = Release|Any CPU
		{F395C146-F0E6-49B1-84D5-F0367FFA627D}.Release|Any CPU.Build.0 = Release|Any CPU
	EndGlobalSection
	GlobalSection(SolutionProperties) = preSolution
		HideSolutionNode = FALSE
	EndGlobalSection
	GlobalSection(ExtensibilityGlobals) = postSolution
		SolutionGuid = {1004A4F9-7B85-4E80-AEDD-C7A92E56F274}
	EndGlobalSection
EndGlobal
