
Microsoft Visual Studio Solution File, Format Version 12.00
# Visual Studio Version 17
VisualStudioVersion = 17.0.32112.339
MinimumVisualStudioVersion = 10.0.40219.1
Project("{FAE04EC0-301F-11D3-BF4B-00C04F79EFBC}") = "Geometry", "Tests_Geometry\Geometry.csproj", "{0D37B69E-F6D9-4D37-B608-CC6A0B39A3BE}"
EndProject
Project("{9A19103F-16F7-4668-BE54-9A1E7A4F7556}") = "Test_Geometry", "Test_Geometry\Test_Geometry.csproj", "{037A389E-1501-462C-BF89-EF62B86B6EF2}"
EndProject
Global
	GlobalSection(SolutionConfigurationPlatforms) = preSolution
		Debug|Any CPU = Debug|Any CPU
		Release|Any CPU = Release|Any CPU
	EndGlobalSection
	GlobalSection(ProjectConfigurationPlatforms) = postSolution
		{0D37B69E-F6D9-4D37-B608-CC6A0B39A3BE}.Debug|Any CPU.ActiveCfg = Debug|Any CPU
		{0D37B69E-F6D9-4D37-B608-CC6A0B39A3BE}.Debug|Any CPU.Build.0 = Debug|Any CPU
		{0D37B69E-F6D9-4D37-B608-CC6A0B39A3BE}.Release|Any CPU.ActiveCfg = Release|Any CPU
		{0D37B69E-F6D9-4D37-B608-CC6A0B39A3BE}.Release|Any CPU.Build.0 = Release|Any CPU
		{037A389E-1501-462C-BF89-EF62B86B6EF2}.Debug|Any CPU.ActiveCfg = Debug|Any CPU
		{037A389E-1501-462C-BF89-EF62B86B6EF2}.Debug|Any CPU.Build.0 = Debug|Any CPU
		{037A389E-1501-462C-BF89-EF62B86B6EF2}.Release|Any CPU.ActiveCfg = Release|Any CPU
		{037A389E-1501-462C-BF89-EF62B86B6EF2}.Release|Any CPU.Build.0 = Release|Any CPU
	EndGlobalSection
	GlobalSection(SolutionProperties) = preSolution
		HideSolutionNode = FALSE
	EndGlobalSection
	GlobalSection(ExtensibilityGlobals) = postSolution
		SolutionGuid = {EC0FA20E-E026-4EA1-9F13-A8294B8F6CF0}
	EndGlobalSection
EndGlobal
