
Microsoft Visual Studio Solution File, Format Version 12.00
# Visual Studio Version 17
VisualStudioVersion = 17.0.32112.339
MinimumVisualStudioVersion = 10.0.40219.1
Project("{FAE04EC0-301F-11D3-BF4B-00C04F79EFBC}") = "LearningAsyncAwayStart", "LearningAsyncAwayStart\LearningAsyncAwayStart.csproj", "{CC3AD924-5391-4582-BB3F-CD1C031B9297}"
EndProject
Global
	GlobalSection(SolutionConfigurationPlatforms) = preSolution
		Debug|Any CPU = Debug|Any CPU
		Release|Any CPU = Release|Any CPU
	EndGlobalSection
	GlobalSection(ProjectConfigurationPlatforms) = postSolution
		{CC3AD924-5391-4582-BB3F-CD1C031B9297}.Debug|Any CPU.ActiveCfg = Debug|Any CPU
		{CC3AD924-5391-4582-BB3F-CD1C031B9297}.Debug|Any CPU.Build.0 = Debug|Any CPU
		{CC3AD924-5391-4582-BB3F-CD1C031B9297}.Release|Any CPU.ActiveCfg = Release|Any CPU
		{CC3AD924-5391-4582-BB3F-CD1C031B9297}.Release|Any CPU.Build.0 = Release|Any CPU
	EndGlobalSection
	GlobalSection(SolutionProperties) = preSolution
		HideSolutionNode = FALSE
	EndGlobalSection
	GlobalSection(ExtensibilityGlobals) = postSolution
		SolutionGuid = {09A76C6D-1E23-4AF6-A1BA-1D8408B4846C}
	EndGlobalSection
EndGlobal
